// !$*UTF8*$!
{
	archiveVersion = 1;
	classes = {
	};
	objectVersion = 46;
	objects = {

/* Begin PBXBuildFile section */
		F4D76E851DFF20EB00863718 /* AppDelegate.swift in Sources */ = {isa = PBXBuildFile; fileRef = F4D76E841DFF20EB00863718 /* AppDelegate.swift */; };
		F4D76E871DFF20EB00863718 /* MainVC.swift in Sources */ = {isa = PBXBuildFile; fileRef = F4D76E861DFF20EB00863718 /* MainVC.swift */; };
		F4D76E8A1DFF20EB00863718 /* Main.storyboard in Resources */ = {isa = PBXBuildFile; fileRef = F4D76E881DFF20EB00863718 /* Main.storyboard */; };
		F4D76E8D1DFF20EB00863718 /* DreamLister.xcdatamodeld in Sources */ = {isa = PBXBuildFile; fileRef = F4D76E8B1DFF20EB00863718 /* DreamLister.xcdatamodeld */; };
		F4D76E8F1DFF20EB00863718 /* Assets.xcassets in Resources */ = {isa = PBXBuildFile; fileRef = F4D76E8E1DFF20EB00863718 /* Assets.xcassets */; };
		F4D76E921DFF20EB00863718 /* LaunchScreen.storyboard in Resources */ = {isa = PBXBuildFile; fileRef = F4D76E901DFF20EB00863718 /* LaunchScreen.storyboard */; };
		F4DD492D1DFF2FC400DC58C3 /* Image+CoreDataClass.swift in Sources */ = {isa = PBXBuildFile; fileRef = F4DD49251DFF2FC400DC58C3 /* Image+CoreDataClass.swift */; };
		F4DD492E1DFF2FC400DC58C3 /* Image+CoreDataProperties.swift in Sources */ = {isa = PBXBuildFile; fileRef = F4DD49261DFF2FC400DC58C3 /* Image+CoreDataProperties.swift */; };
		F4DD492F1DFF2FC400DC58C3 /* ItemType+CoreDataClass.swift in Sources */ = {isa = PBXBuildFile; fileRef = F4DD49271DFF2FC400DC58C3 /* ItemType+CoreDataClass.swift */; };
		F4DD49301DFF2FC400DC58C3 /* ItemType+CoreDataProperties.swift in Sources */ = {isa = PBXBuildFile; fileRef = F4DD49281DFF2FC400DC58C3 /* ItemType+CoreDataProperties.swift */; };
		F4DD49311DFF2FC400DC58C3 /* Item+CoreDataClass.swift in Sources */ = {isa = PBXBuildFile; fileRef = F4DD49291DFF2FC400DC58C3 /* Item+CoreDataClass.swift */; };
		F4DD49321DFF2FC400DC58C3 /* Item+CoreDataProperties.swift in Sources */ = {isa = PBXBuildFile; fileRef = F4DD492A1DFF2FC400DC58C3 /* Item+CoreDataProperties.swift */; };
		F4DD49331DFF2FC400DC58C3 /* Store+CoreDataClass.swift in Sources */ = {isa = PBXBuildFile; fileRef = F4DD492B1DFF2FC400DC58C3 /* Store+CoreDataClass.swift */; };
		F4DD49341DFF2FC400DC58C3 /* Store+CoreDataProperties.swift in Sources */ = {isa = PBXBuildFile; fileRef = F4DD492C1DFF2FC400DC58C3 /* Store+CoreDataProperties.swift */; };
		F4DD49371DFF3C1600DC58C3 /* MaterialView.swift in Sources */ = {isa = PBXBuildFile; fileRef = F4DD49361DFF3C1600DC58C3 /* MaterialView.swift */; };
		F4DD49391E0046E100DC58C3 /* ItemCell.swift in Sources */ = {isa = PBXBuildFile; fileRef = F4DD49381E0046E100DC58C3 /* ItemCell.swift */; };
		F4DD493C1E00F55100DC58C3 /* ItemDetailsVC.swift in Sources */ = {isa = PBXBuildFile; fileRef = F4DD493B1E00F55100DC58C3 /* ItemDetailsVC.swift */; };
		F4DD493E1E00F8C600DC58C3 /* CustomTextField.swift in Sources */ = {isa = PBXBuildFile; fileRef = F4DD493D1E00F8C600DC58C3 /* CustomTextField.swift */; };
/* End PBXBuildFile section */

/* Begin PBXFileReference section */
		F4D76E811DFF20EB00863718 /* DreamLister.app */ = {isa = PBXFileReference; explicitFileType = wrapper.application; includeInIndex = 0; path = DreamLister.app; sourceTree = BUILT_PRODUCTS_DIR; };
		F4D76E841DFF20EB00863718 /* AppDelegate.swift */ = {isa = PBXFileReference; lastKnownFileType = sourcecode.swift; path = AppDelegate.swift; sourceTree = "<group>"; };
		F4D76E861DFF20EB00863718 /* MainVC.swift */ = {isa = PBXFileReference; lastKnownFileType = sourcecode.swift; path = MainVC.swift; sourceTree = "<group>"; };
		F4D76E891DFF20EB00863718 /* Base */ = {isa = PBXFileReference; lastKnownFileType = file.storyboard; name = Base; path = Base.lproj/Main.storyboard; sourceTree = "<group>"; };
		F4D76E8C1DFF20EB00863718 /* DreamLister.xcdatamodel */ = {isa = PBXFileReference; lastKnownFileType = wrapper.xcdatamodel; path = DreamLister.xcdatamodel; sourceTree = "<group>"; };
		F4D76E8E1DFF20EB00863718 /* Assets.xcassets */ = {isa = PBXFileReference; lastKnownFileType = folder.assetcatalog; path = Assets.xcassets; sourceTree = "<group>"; };
		F4D76E911DFF20EB00863718 /* Base */ = {isa = PBXFileReference; lastKnownFileType = file.storyboard; name = Base; path = Base.lproj/LaunchScreen.storyboard; sourceTree = "<group>"; };
		F4D76E931DFF20EB00863718 /* Info.plist */ = {isa = PBXFileReference; lastKnownFileType = text.plist.xml; path = Info.plist; sourceTree = "<group>"; };
		F4DD49251DFF2FC400DC58C3 /* Image+CoreDataClass.swift */ = {isa = PBXFileReference; fileEncoding = 4; lastKnownFileType = sourcecode.swift; path = "Image+CoreDataClass.swift"; sourceTree = "<group>"; };
		F4DD49261DFF2FC400DC58C3 /* Image+CoreDataProperties.swift */ = {isa = PBXFileReference; fileEncoding = 4; lastKnownFileType = sourcecode.swift; path = "Image+CoreDataProperties.swift"; sourceTree = "<group>"; };
		F4DD49271DFF2FC400DC58C3 /* ItemType+CoreDataClass.swift */ = {isa = PBXFileReference; fileEncoding = 4; lastKnownFileType = sourcecode.swift; path = "ItemType+CoreDataClass.swift"; sourceTree = "<group>"; };
		F4DD49281DFF2FC400DC58C3 /* ItemType+CoreDataProperties.swift */ = {isa = PBXFileReference; fileEncoding = 4; lastKnownFileType = sourcecode.swift; path = "ItemType+CoreDataProperties.swift"; sourceTree = "<group>"; };
		F4DD49291DFF2FC400DC58C3 /* Item+CoreDataClass.swift */ = {isa = PBXFileReference; fileEncoding = 4; lastKnownFileType = sourcecode.swift; path = "Item+CoreDataClass.swift"; sourceTree = "<group>"; };
		F4DD492A1DFF2FC400DC58C3 /* Item+CoreDataProperties.swift */ = {isa = PBXFileReference; fileEncoding = 4; lastKnownFileType = sourcecode.swift; path = "Item+CoreDataProperties.swift"; sourceTree = "<group>"; };
		F4DD492B1DFF2FC400DC58C3 /* Store+CoreDataClass.swift */ = {isa = PBXFileReference; fileEncoding = 4; lastKnownFileType = sourcecode.swift; path = "Store+CoreDataClass.swift"; sourceTree = "<group>"; };
		F4DD492C1DFF2FC400DC58C3 /* Store+CoreDataProperties.swift */ = {isa = PBXFileReference; fileEncoding = 4; lastKnownFileType = sourcecode.swift; path = "Store+CoreDataProperties.swift"; sourceTree = "<group>"; };
		F4DD49361DFF3C1600DC58C3 /* MaterialView.swift */ = {isa = PBXFileReference; fileEncoding = 4; lastKnownFileType = sourcecode.swift; path = MaterialView.swift; sourceTree = "<group>"; };
		F4DD49381E0046E100DC58C3 /* ItemCell.swift */ = {isa = PBXFileReference; fileEncoding = 4; lastKnownFileType = sourcecode.swift; path = ItemCell.swift; sourceTree = "<group>"; };
		F4DD493B1E00F55100DC58C3 /* ItemDetailsVC.swift */ = {isa = PBXFileReference; fileEncoding = 4; lastKnownFileType = sourcecode.swift; path = ItemDetailsVC.swift; sourceTree = "<group>"; };
		F4DD493D1E00F8C600DC58C3 /* CustomTextField.swift */ = {isa = PBXFileReference; fileEncoding = 4; lastKnownFileType = sourcecode.swift; path = CustomTextField.swift; sourceTree = "<group>"; };
/* End PBXFileReference section */

/* Begin PBXFrameworksBuildPhase section */
		F4D76E7E1DFF20EB00863718 /* Frameworks */ = {
			isa = PBXFrameworksBuildPhase;
			buildActionMask = 2147483647;
			files = (
			);
			runOnlyForDeploymentPostprocessing = 0;
		};
/* End PBXFrameworksBuildPhase section */

/* Begin PBXGroup section */
		F4D76E781DFF20EB00863718 = {
			isa = PBXGroup;
			children = (
				F4D76E831DFF20EB00863718 /* DreamLister */,
				F4D76E821DFF20EB00863718 /* Products */,
			);
			sourceTree = "<group>";
		};
		F4D76E821DFF20EB00863718 /* Products */ = {
			isa = PBXGroup;
			children = (
				F4D76E811DFF20EB00863718 /* DreamLister.app */,
			);
			name = Products;
			sourceTree = "<group>";
		};
		F4D76E831DFF20EB00863718 /* DreamLister */ = {
			isa = PBXGroup;
			children = (
				F4DD49351DFF3BF200DC58C3 /* View */,
				F4D76EA91DFF2DF900863718 /* Model */,
				F4DD493A1E00F51600DC58C3 /* Controller */,
				F4D76E841DFF20EB00863718 /* AppDelegate.swift */,
				F4D76E881DFF20EB00863718 /* Main.storyboard */,
				F4D76E8E1DFF20EB00863718 /* Assets.xcassets */,
				F4D76E901DFF20EB00863718 /* LaunchScreen.storyboard */,
				F4D76E931DFF20EB00863718 /* Info.plist */,
				F4D76E8B1DFF20EB00863718 /* DreamLister.xcdatamodeld */,
			);
			path = DreamLister;
			sourceTree = "<group>";
		};
		F4D76EA91DFF2DF900863718 /* Model */ = {
			isa = PBXGroup;
			children = (
				F4DD49251DFF2FC400DC58C3 /* Image+CoreDataClass.swift */,
				F4DD49271DFF2FC400DC58C3 /* ItemType+CoreDataClass.swift */,
				F4DD49291DFF2FC400DC58C3 /* Item+CoreDataClass.swift */,
				F4DD492B1DFF2FC400DC58C3 /* Store+CoreDataClass.swift */,
				F4D76EAA1DFF2DFE00863718 /* Generated */,
			);
			name = Model;
			sourceTree = "<group>";
		};
		F4D76EAA1DFF2DFE00863718 /* Generated */ = {
			isa = PBXGroup;
			children = (
				F4DD49261DFF2FC400DC58C3 /* Image+CoreDataProperties.swift */,
				F4DD49281DFF2FC400DC58C3 /* ItemType+CoreDataProperties.swift */,
				F4DD492A1DFF2FC400DC58C3 /* Item+CoreDataProperties.swift */,
				F4DD492C1DFF2FC400DC58C3 /* Store+CoreDataProperties.swift */,
			);
			name = Generated;
			sourceTree = "<group>";
		};
		F4DD49351DFF3BF200DC58C3 /* View */ = {
			isa = PBXGroup;
			children = (
				F4DD493D1E00F8C600DC58C3 /* CustomTextField.swift */,
				F4DD49361DFF3C1600DC58C3 /* MaterialView.swift */,
				F4DD49381E0046E100DC58C3 /* ItemCell.swift */,
			);
			name = View;
			sourceTree = "<group>";
		};
		F4DD493A1E00F51600DC58C3 /* Controller */ = {
			isa = PBXGroup;
			children = (
				F4D76E861DFF20EB00863718 /* MainVC.swift */,
				F4DD493B1E00F55100DC58C3 /* ItemDetailsVC.swift */,
			);
			name = Controller;
			sourceTree = "<group>";
		};
/* End PBXGroup section */

/* Begin PBXNativeTarget section */
		F4D76E801DFF20EB00863718 /* DreamLister */ = {
			isa = PBXNativeTarget;
			buildConfigurationList = F4D76E961DFF20EB00863718 /* Build configuration list for PBXNativeTarget "DreamLister" */;
			buildPhases = (
				F4D76E7D1DFF20EB00863718 /* Sources */,
				F4D76E7E1DFF20EB00863718 /* Frameworks */,
				F4D76E7F1DFF20EB00863718 /* Resources */,
			);
			buildRules = (
			);
			dependencies = (
			);
			name = DreamLister;
			productName = DreamLister;
			productReference = F4D76E811DFF20EB00863718 /* DreamLister.app */;
			productType = "com.apple.product-type.application";
		};
/* End PBXNativeTarget section */

/* Begin PBXProject section */
		F4D76E791DFF20EB00863718 /* Project object */ = {
			isa = PBXProject;
			attributes = {
				LastSwiftUpdateCheck = 0810;
				LastUpgradeCheck = 0820;
				ORGANIZATIONNAME = "Christine Cunniff";
				TargetAttributes = {
					F4D76E801DFF20EB00863718 = {
						CreatedOnToolsVersion = 8.1;
						ProvisioningStyle = Automatic;
					};
				};
			};
			buildConfigurationList = F4D76E7C1DFF20EB00863718 /* Build configuration list for PBXProject "DreamLister" */;
			compatibilityVersion = "Xcode 3.2";
			developmentRegion = English;
			hasScannedForEncodings = 0;
			knownRegions = (
				en,
				Base,
			);
			mainGroup = F4D76E781DFF20EB00863718;
			productRefGroup = F4D76E821DFF20EB00863718 /* Products */;
			projectDirPath = "";
			projectRoot = "";
			targets = (
				F4D76E801DFF20EB00863718 /* DreamLister */,
			);
		};
/* End PBXProject section */

/* Begin PBXResourcesBuildPhase section */
		F4D76E7F1DFF20EB00863718 /* Resources */ = {
			isa = PBXResourcesBuildPhase;
			buildActionMask = 2147483647;
			files = (
				F4D76E921DFF20EB00863718 /* LaunchScreen.storyboard in Resources */,
				F4D76E8F1DFF20EB00863718 /* Assets.xcassets in Resources */,
				F4D76E8A1DFF20EB00863718 /* Main.storyboard in Resources */,
			);
			runOnlyForDeploymentPostprocessing = 0;
		};
/* End PBXResourcesBuildPhase section */

/* Begin PBXSourcesBuildPhase section */
		F4D76E7D1DFF20EB00863718 /* Sources */ = {
			isa = PBXSourcesBuildPhase;
			buildActionMask = 2147483647;
			files = (
				F4DD49391E0046E100DC58C3 /* ItemCell.swift in Sources */,
				F4DD492F1DFF2FC400DC58C3 /* ItemType+CoreDataClass.swift in Sources */,
				F4D76E871DFF20EB00863718 /* MainVC.swift in Sources */,
				F4DD492E1DFF2FC400DC58C3 /* Image+CoreDataProperties.swift in Sources */,
				F4DD49371DFF3C1600DC58C3 /* MaterialView.swift in Sources */,
				F4D76E851DFF20EB00863718 /* AppDelegate.swift in Sources */,
				F4DD49341DFF2FC400DC58C3 /* Store+CoreDataProperties.swift in Sources */,
				F4D76E8D1DFF20EB00863718 /* DreamLister.xcdatamodeld in Sources */,
				F4DD493C1E00F55100DC58C3 /* ItemDetailsVC.swift in Sources */,
				F4DD49301DFF2FC400DC58C3 /* ItemType+CoreDataProperties.swift in Sources */,
				F4DD49321DFF2FC400DC58C3 /* Item+CoreDataProperties.swift in Sources */,
				F4DD49331DFF2FC400DC58C3 /* Store+CoreDataClass.swift in Sources */,
				F4DD49311DFF2FC400DC58C3 /* Item+CoreDataClass.swift in Sources */,
				F4DD492D1DFF2FC400DC58C3 /* Image+CoreDataClass.swift in Sources */,
				F4DD493E1E00F8C600DC58C3 /* CustomTextField.swift in Sources */,
			);
			runOnlyForDeploymentPostprocessing = 0;
		};
/* End PBXSourcesBuildPhase section */

/* Begin PBXVariantGroup section */
		F4D76E881DFF20EB00863718 /* Main.storyboard */ = {
			isa = PBXVariantGroup;
			children = (
				F4D76E891DFF20EB00863718 /* Base */,
			);
			name = Main.storyboard;
			sourceTree = "<group>";
		};
		F4D76E901DFF20EB00863718 /* LaunchScreen.storyboard */ = {
			isa = PBXVariantGroup;
			children = (
				F4D76E911DFF20EB00863718 /* Base */,
			);
			name = LaunchScreen.storyboard;
			sourceTree = "<group>";
		};
/* End PBXVariantGroup section */

/* Begin XCBuildConfiguration section */
		F4D76E941DFF20EB00863718 /* Debug */ = {
			isa = XCBuildConfiguration;
			buildSettings = {
				ALWAYS_SEARCH_USER_PATHS = NO;
				CLANG_ANALYZER_NONNULL = YES;
				CLANG_CXX_LANGUAGE_STANDARD = "gnu++0x";
				CLANG_CXX_LIBRARY = "libc++";
				CLANG_ENABLE_MODULES = YES;
				CLANG_ENABLE_OBJC_ARC = YES;
				CLANG_WARN_BOOL_CONVERSION = YES;
				CLANG_WARN_CONSTANT_CONVERSION = YES;
				CLANG_WARN_DIRECT_OBJC_ISA_USAGE = YES_ERROR;
				CLANG_WARN_DOCUMENTATION_COMMENTS = YES;
				CLANG_WARN_EMPTY_BODY = YES;
				CLANG_WARN_ENUM_CONVERSION = YES;
				CLANG_WARN_INFINITE_RECURSION = YES;
				CLANG_WARN_INT_CONVERSION = YES;
				CLANG_WARN_OBJC_ROOT_CLASS = YES_ERROR;
				CLANG_WARN_SUSPICIOUS_MOVE = YES;
				CLANG_WARN_SUSPICIOUS_MOVES = YES;
				CLANG_WARN_UNREACHABLE_CODE = YES;
				CLANG_WARN__DUPLICATE_METHOD_MATCH = YES;
				"CODE_SIGN_IDENTITY[sdk=iphoneos*]" = "iPhone Developer";
				COPY_PHASE_STRIP = NO;
				DEBUG_INFORMATION_FORMAT = dwarf;
				ENABLE_STRICT_OBJC_MSGSEND = YES;
				ENABLE_TESTABILITY = YES;
				GCC_C_LANGUAGE_STANDARD = gnu99;
				GCC_DYNAMIC_NO_PIC = NO;
				GCC_NO_COMMON_BLOCKS = YES;
				GCC_OPTIMIZATION_LEVEL = 0;
				GCC_PREPROCESSOR_DEFINITIONS = (
					"DEBUG=1",
					"$(inherited)",
				);
				GCC_WARN_64_TO_32_BIT_CONVERSION = YES;
				GCC_WARN_ABOUT_RETURN_TYPE = YES_ERROR;
				GCC_WARN_UNDECLARED_SELECTOR = YES;
				GCC_WARN_UNINITIALIZED_AUTOS = YES_AGGRESSIVE;
				GCC_WARN_UNUSED_FUNCTION = YES;
				GCC_WARN_UNUSED_VARIABLE = YES;
				IPHONEOS_DEPLOYMENT_TARGET = 10.1;
				MTL_ENABLE_DEBUG_INFO = YES;
				ONLY_ACTIVE_ARCH = YES;
				SDKROOT = iphoneos;
				SWIFT_ACTIVE_COMPILATION_CONDITIONS = DEBUG;
				SWIFT_OPTIMIZATION_LEVEL = "-Onone";
				TARGETED_DEVICE_FAMILY = "1,2";
			};
			name = Debug;
		};
		F4D76E951DFF20EB00863718 /* Release */ = {
			isa = XCBuildConfiguration;
			buildSettings = {
				ALWAYS_SEARCH_USER_PATHS = NO;
				CLANG_ANALYZER_NONNULL = YES;
				CLANG_CXX_LANGUAGE_STANDARD = "gnu++0x";
				CLANG_CXX_LIBRARY = "libc++";
				CLANG_ENABLE_MODULES = YES;
				CLANG_ENABLE_OBJC_ARC = YES;
				CLANG_WARN_BOOL_CONVERSION = YES;
				CLANG_WARN_CONSTANT_CONVERSION = YES;
				CLANG_WARN_DIRECT_OBJC_ISA_USAGE = YES_ERROR;
				CLANG_WARN_DOCUMENTATION_COMMENTS = YES;
				CLANG_WARN_EMPTY_BODY = YES;
				CLANG_WARN_ENUM_CONVERSION = YES;
				CLANG_WARN_INFINITE_RECURSION = YES;
				CLANG_WARN_INT_CONVERSION = YES;
				CLANG_WARN_OBJC_ROOT_CLASS = YES_ERROR;
				CLANG_WARN_SUSPICIOUS_MOVE = YES;
				CLANG_WARN_SUSPICIOUS_MOVES = YES;
				CLANG_WARN_UNREACHABLE_CODE = YES;
				CLANG_WARN__DUPLICATE_METHOD_MATCH = YES;
				"CODE_SIGN_IDENTITY[sdk=iphoneos*]" = "iPhone Developer";
				COPY_PHASE_STRIP = NO;
				DEBUG_INFORMATION_FORMAT = "dwarf-with-dsym";
				ENABLE_NS_ASSERTIONS = NO;
				ENABLE_STRICT_OBJC_MSGSEND = YES;
				GCC_C_LANGUAGE_STANDARD = gnu99;
				GCC_NO_COMMON_BLOCKS = YES;
				GCC_WARN_64_TO_32_BIT_CONVERSION = YES;
				GCC_WARN_ABOUT_RETURN_TYPE = YES_ERROR;
				GCC_WARN_UNDECLARED_SELECTOR = YES;
				GCC_WARN_UNINITIALIZED_AUTOS = YES_AGGRESSIVE;
				GCC_WARN_UNUSED_FUNCTION = YES;
				GCC_WARN_UNUSED_VARIABLE = YES;
				IPHONEOS_DEPLOYMENT_TARGET = 10.1;
				MTL_ENABLE_DEBUG_INFO = NO;
				SDKROOT = iphoneos;
				SWIFT_OPTIMIZATION_LEVEL = "-Owholemodule";
				TARGETED_DEVICE_FAMILY = "1,2";
				VALIDATE_PRODUCT = YES;
			};
			name = Release;
		};
		F4D76E971DFF20EB00863718 /* Debug */ = {
			isa = XCBuildConfiguration;
			buildSettings = {
				ASSETCATALOG_COMPILER_APPICON_NAME = AppIcon;
				INFOPLIST_FILE = DreamLister/Info.plist;
				LD_RUNPATH_SEARCH_PATHS = "$(inherited) @executable_path/Frameworks";
				PRODUCT_BUNDLE_IDENTIFIER = com.christinecunniff.DreamLister;
				PRODUCT_NAME = "$(TARGET_NAME)";
				SWIFT_VERSION = 3.0;
			};
			name = Debug;
		};
		F4D76E981DFF20EB00863718 /* Release */ = {
			isa = XCBuildConfiguration;
			buildSettings = {
				ASSETCATALOG_COMPILER_APPICON_NAME = AppIcon;
				INFOPLIST_FILE = DreamLister/Info.plist;
				LD_RUNPATH_SEARCH_PATHS = "$(inherited) @executable_path/Frameworks";
				PRODUCT_BUNDLE_IDENTIFIER = com.christinecunniff.DreamLister;
				PRODUCT_NAME = "$(TARGET_NAME)";
				SWIFT_VERSION = 3.0;
			};
			name = Release;
		};
/* End XCBuildConfiguration section */

/* Begin XCConfigurationList section */
		F4D76E7C1DFF20EB00863718 /* Build configuration list for PBXProject "DreamLister" */ = {
			isa = XCConfigurationList;
			buildConfigurations = (
				F4D76E941DFF20EB00863718 /* Debug */,
				F4D76E951DFF20EB00863718 /* Release */,
			);
			defaultConfigurationIsVisible = 0;
			defaultConfigurationName = Release;
		};
		F4D76E961DFF20EB00863718 /* Build configuration list for PBXNativeTarget "DreamLister" */ = {
			isa = XCConfigurationList;
			buildConfigurations = (
				F4D76E971DFF20EB00863718 /* Debug */,
				F4D76E981DFF20EB00863718 /* Release */,
			);
			defaultConfigurationIsVisible = 0;
			defaultConfigurationName = Release;
		};
/* End XCConfigurationList section */

/* Begin XCVersionGroup section */
		F4D76E8B1DFF20EB00863718 /* DreamLister.xcdatamodeld */ = {
			isa = XCVersionGroup;
			children = (
				F4D76E8C1DFF20EB00863718 /* DreamLister.xcdatamodel */,
			);
			currentVersion = F4D76E8C1DFF20EB00863718 /* DreamLister.xcdatamodel */;
			path = DreamLister.xcdatamodeld;
			sourceTree = "<group>";
			versionGroupType = wrapper.xcdatamodel;
		};
/* End XCVersionGroup section */
	};
	rootObject = F4D76E791DFF20EB00863718 /* Project object */;
}
